// !$*UTF8*$!
{
	archiveVersion = 1;
	classes = {
	};
	objectVersion = 55;
	objects = {

/* Begin PBXBuildFile section */
		0E328A2C289B291900291345 /* Loading@3x.png in Resources */ = {isa = PBXBuildFile; fileRef = 0E328A23289B291900291345 /* Loading@3x.png */; };
		0E328A2D289B291900291345 /* Loading@2x.png in Resources */ = {isa = PBXBuildFile; fileRef = 0E328A24289B291900291345 /* Loading@2x.png */; };
		0E328A2E289B291900291345 /* Icon Correct@2x.png in Resources */ = {isa = PBXBuildFile; fileRef = 0E328A25289B291900291345 /* Icon Correct@2x.png */; };
		0E328A2F289B291900291345 /* Icon Error@2x.png in Resources */ = {isa = PBXBuildFile; fileRef = 0E328A26289B291900291345 /* Icon Error@2x.png */; };
		0E328A30289B291900291345 /* Icon Correct@3x.png in Resources */ = {isa = PBXBuildFile; fileRef = 0E328A27289B291900291345 /* Icon Correct@3x.png */; };
		0E328A31289B291900291345 /* Icon Error@3x.png in Resources */ = {isa = PBXBuildFile; fileRef = 0E328A28289B291900291345 /* Icon Error@3x.png */; };
		0E328A32289B291900291345 /* Icon Error.png in Resources */ = {isa = PBXBuildFile; fileRef = 0E328A29289B291900291345 /* Icon Error.png */; };
		0E328A33289B291900291345 /* Loading.png in Resources */ = {isa = PBXBuildFile; fileRef = 0E328A2A289B291900291345 /* Loading.png */; };
		0E328A34289B291900291345 /* Icon Correct.png in Resources */ = {isa = PBXBuildFile; fileRef = 0E328A2B289B291900291345 /* Icon Correct.png */; };
		0E66E569289B3D5D00A53641 /* QQ.swift in Sources */ = {isa = PBXBuildFile; fileRef = 0E66E568289B3D5D00A53641 /* QQ.swift */; };
		0E681A2D2898CBB50092345E /* AppDelegate.swift in Sources */ = {isa = PBXBuildFile; fileRef = 0E681A2C2898CBB50092345E /* AppDelegate.swift */; };
		0E681A2F2898CBB50092345E /* SceneDelegate.swift in Sources */ = {isa = PBXBuildFile; fileRef = 0E681A2E2898CBB50092345E /* SceneDelegate.swift */; };
		0E681A312898CBB50092345E /* ViewController.swift in Sources */ = {isa = PBXBuildFile; fileRef = 0E681A302898CBB50092345E /* ViewController.swift */; };
		0E681A342898CBB50092345E /* Main.storyboard in Resources */ = {isa = PBXBuildFile; fileRef = 0E681A322898CBB50092345E /* Main.storyboard */; };
		0E681A362898CBB70092345E /* Assets.xcassets in Resources */ = {isa = PBXBuildFile; fileRef = 0E681A352898CBB70092345E /* Assets.xcassets */; };
		0E681A392898CBB70092345E /* LaunchScreen.storyboard in Resources */ = {isa = PBXBuildFile; fileRef = 0E681A372898CBB70092345E /* LaunchScreen.storyboard */; };
		0E681A442898CBB80092345E /* OpenQuizzTests.swift in Sources */ = {isa = PBXBuildFile; fileRef = 0E681A432898CBB80092345E /* OpenQuizzTests.swift */; };
		0E681A4E2898CBB80092345E /* OpenQuizzUITests.swift in Sources */ = {isa = PBXBuildFile; fileRef = 0E681A4D2898CBB80092345E /* OpenQuizzUITests.swift */; };
		0E681A502898CBB80092345E /* OpenQuizzUITestsLaunchTests.swift in Sources */ = {isa = PBXBuildFile; fileRef = 0E681A4F2898CBB80092345E /* OpenQuizzUITestsLaunchTests.swift */; };
		0E681A5D2898CE860092345E /* Balham.otf in Resources */ = {isa = PBXBuildFile; fileRef = 0E681A5C2898CE860092345E /* Balham.otf */; };
		0E681A6C2898D6FE0092345E /* Question.swift in Sources */ = {isa = PBXBuildFile; fileRef = 0E681A6B2898D6FE0092345E /* Question.swift */; };
		0E681A6D2898D6FE0092345E /* Question.swift in Sources */ = {isa = PBXBuildFile; fileRef = 0E681A6B2898D6FE0092345E /* Question.swift */; };
		0E681A6F2898E1B60092345E /* Game.swift in Sources */ = {isa = PBXBuildFile; fileRef = 0E681A6E2898E1B60092345E /* Game.swift */; };
		0E681A702898E1B60092345E /* Game.swift in Sources */ = {isa = PBXBuildFile; fileRef = 0E681A6E2898E1B60092345E /* Game.swift */; };
		0E681A722898E2120092345E /* QuestionManager.swift in Sources */ = {isa = PBXBuildFile; fileRef = 0E681A712898E2120092345E /* QuestionManager.swift */; };
		0E681A732898E2120092345E /* QuestionManager.swift in Sources */ = {isa = PBXBuildFile; fileRef = 0E681A712898E2120092345E /* QuestionManager.swift */; };
/* End PBXBuildFile section */

/* Begin PBXContainerItemProxy section */
		0E681A402898CBB80092345E /* PBXContainerItemProxy */ = {
			isa = PBXContainerItemProxy;
			containerPortal = 0E681A212898CBB50092345E /* Project object */;
			proxyType = 1;
			remoteGlobalIDString = 0E681A282898CBB50092345E;
			remoteInfo = OpenQuizz;
		};
		0E681A4A2898CBB80092345E /* PBXContainerItemProxy */ = {
			isa = PBXContainerItemProxy;
			containerPortal = 0E681A212898CBB50092345E /* Project object */;
			proxyType = 1;
			remoteGlobalIDString = 0E681A282898CBB50092345E;
			remoteInfo = OpenQuizz;
		};
/* End PBXContainerItemProxy section */

/* Begin PBXFileReference section */
		0E328A23289B291900291345 /* Loading@3x.png */ = {isa = PBXFileReference; lastKnownFileType = image.png; path = "Loading@3x.png"; sourceTree = "<group>"; };
		0E328A24289B291900291345 /* Loading@2x.png */ = {isa = PBXFileReference; lastKnownFileType = image.png; path = "Loading@2x.png"; sourceTree = "<group>"; };
		0E328A25289B291900291345 /* Icon Correct@2x.png */ = {isa = PBXFileReference; lastKnownFileType = image.png; path = "Icon Correct@2x.png"; sourceTree = "<group>"; };
		0E328A26289B291900291345 /* Icon Error@2x.png */ = {isa = PBXFileReference; lastKnownFileType = image.png; path = "Icon Error@2x.png"; sourceTree = "<group>"; };
		0E328A27289B291900291345 /* Icon Correct@3x.png */ = {isa = PBXFileReference; lastKnownFileType = image.png; path = "Icon Correct@3x.png"; sourceTree = "<group>"; };
		0E328A28289B291900291345 /* Icon Error@3x.png */ = {isa = PBXFileReference; lastKnownFileType = image.png; path = "Icon Error@3x.png"; sourceTree = "<group>"; };
		0E328A29289B291900291345 /* Icon Error.png */ = {isa = PBXFileReference; lastKnownFileType = image.png; path = "Icon Error.png"; sourceTree = "<group>"; };
		0E328A2A289B291900291345 /* Loading.png */ = {isa = PBXFileReference; lastKnownFileType = image.png; path = Loading.png; sourceTree = "<group>"; };
		0E328A2B289B291900291345 /* Icon Correct.png */ = {isa = PBXFileReference; lastKnownFileType = image.png; path = "Icon Correct.png"; sourceTree = "<group>"; };
		0E66E568289B3D5D00A53641 /* QQ.swift */ = {isa = PBXFileReference; lastKnownFileType = sourcecode.swift; path = QQ.swift; sourceTree = "<group>"; };
		0E681A292898CBB50092345E /* OpenQuizz.app */ = {isa = PBXFileReference; explicitFileType = wrapper.application; includeInIndex = 0; path = OpenQuizz.app; sourceTree = BUILT_PRODUCTS_DIR; };
		0E681A2C2898CBB50092345E /* AppDelegate.swift */ = {isa = PBXFileReference; lastKnownFileType = sourcecode.swift; path = AppDelegate.swift; sourceTree = "<group>"; };
		0E681A2E2898CBB50092345E /* SceneDelegate.swift */ = {isa = PBXFileReference; lastKnownFileType = sourcecode.swift; path = SceneDelegate.swift; sourceTree = "<group>"; };
		0E681A302898CBB50092345E /* ViewController.swift */ = {isa = PBXFileReference; lastKnownFileType = sourcecode.swift; path = ViewController.swift; sourceTree = "<group>"; };
		0E681A332898CBB50092345E /* Base */ = {isa = PBXFileReference; lastKnownFileType = file.storyboard; name = Base; path = Base.lproj/Main.storyboard; sourceTree = "<group>"; };
		0E681A352898CBB70092345E /* Assets.xcassets */ = {isa = PBXFileReference; lastKnownFileType = folder.assetcatalog; path = Assets.xcassets; sourceTree = "<group>"; };
		0E681A382898CBB70092345E /* Base */ = {isa = PBXFileReference; lastKnownFileType = file.storyboard; name = Base; path = Base.lproj/LaunchScreen.storyboard; sourceTree = "<group>"; };
		0E681A3A2898CBB70092345E /* Info.plist */ = {isa = PBXFileReference; lastKnownFileType = text.plist.xml; path = Info.plist; sourceTree = "<group>"; };
		0E681A3F2898CBB80092345E /* OpenQuizzTests.xctest */ = {isa = PBXFileReference; explicitFileType = wrapper.cfbundle; includeInIndex = 0; path = OpenQuizzTests.xctest; sourceTree = BUILT_PRODUCTS_DIR; };
		0E681A432898CBB80092345E /* OpenQuizzTests.swift */ = {isa = PBXFileReference; lastKnownFileType = sourcecode.swift; path = OpenQuizzTests.swift; sourceTree = "<group>"; };
		0E681A492898CBB80092345E /* OpenQuizzUITests.xctest */ = {isa = PBXFileReference; explicitFileType = wrapper.cfbundle; includeInIndex = 0; path = OpenQuizzUITests.xctest; sourceTree = BUILT_PRODUCTS_DIR; };
		0E681A4D2898CBB80092345E /* OpenQuizzUITests.swift */ = {isa = PBXFileReference; lastKnownFileType = sourcecode.swift; path = OpenQuizzUITests.swift; sourceTree = "<group>"; };
		0E681A4F2898CBB80092345E /* OpenQuizzUITestsLaunchTests.swift */ = {isa = PBXFileReference; lastKnownFileType = sourcecode.swift; path = OpenQuizzUITestsLaunchTests.swift; sourceTree = "<group>"; };
		0E681A5C2898CE860092345E /* Balham.otf */ = {isa = PBXFileReference; lastKnownFileType = file; path = Balham.otf; sourceTree = "<group>"; };
		0E681A6B2898D6FE0092345E /* Question.swift */ = {isa = PBXFileReference; lastKnownFileType = sourcecode.swift; path = Question.swift; sourceTree = "<group>"; };
		0E681A6E2898E1B60092345E /* Game.swift */ = {isa = PBXFileReference; lastKnownFileType = sourcecode.swift; path = Game.swift; sourceTree = "<group>"; };
		0E681A712898E2120092345E /* QuestionManager.swift */ = {isa = PBXFileReference; lastKnownFileType = sourcecode.swift; path = QuestionManager.swift; sourceTree = "<group>"; };
/* End PBXFileReference section */

/* Begin PBXFrameworksBuildPhase section */
		0E681A262898CBB50092345E /* Frameworks */ = {
			isa = PBXFrameworksBuildPhase;
			buildActionMask = 2147483647;
			files = (
			);
			runOnlyForDeploymentPostprocessing = 0;
		};
		0E681A3C2898CBB80092345E /* Frameworks */ = {
			isa = PBXFrameworksBuildPhase;
			buildActionMask = 2147483647;
			files = (
			);
			runOnlyForDeploymentPostprocessing = 0;
		};
		0E681A462898CBB80092345E /* Frameworks */ = {
			isa = PBXFrameworksBuildPhase;
			buildActionMask = 2147483647;
			files = (
			);
			runOnlyForDeploymentPostprocessing = 0;
		};
/* End PBXFrameworksBuildPhase section */

/* Begin PBXGroup section */
		0E328A22289B28FE00291345 /* Ressources */ = {
			isa = PBXGroup;
			children = (
				0E328A2B289B291900291345 /* Icon Correct.png */,
				0E328A25289B291900291345 /* Icon Correct@2x.png */,
				0E328A27289B291900291345 /* Icon Correct@3x.png */,
				0E328A29289B291900291345 /* Icon Error.png */,
				0E328A26289B291900291345 /* Icon Error@2x.png */,
				0E328A28289B291900291345 /* Icon Error@3x.png */,
				0E328A2A289B291900291345 /* Loading.png */,
				0E328A24289B291900291345 /* Loading@2x.png */,
				0E328A23289B291900291345 /* Loading@3x.png */,
			);
			path = Ressources;
			sourceTree = "<group>";
		};
		0E681A202898CBB50092345E = {
			isa = PBXGroup;
			children = (
				0E681A2B2898CBB50092345E /* OpenQuizz */,
				0E681A422898CBB80092345E /* OpenQuizzTests */,
				0E681A4C2898CBB80092345E /* OpenQuizzUITests */,
				0E681A2A2898CBB50092345E /* Products */,
			);
			sourceTree = "<group>";
		};
		0E681A2A2898CBB50092345E /* Products */ = {
			isa = PBXGroup;
			children = (
				0E681A292898CBB50092345E /* OpenQuizz.app */,
				0E681A3F2898CBB80092345E /* OpenQuizzTests.xctest */,
				0E681A492898CBB80092345E /* OpenQuizzUITests.xctest */,
			);
			name = Products;
			sourceTree = "<group>";
		};
		0E681A2B2898CBB50092345E /* OpenQuizz */ = {
			isa = PBXGroup;
			children = (
				0E681A3A2898CBB70092345E /* Info.plist */,
				0E328A22289B28FE00291345 /* Ressources */,
				0E681A612898D4EC0092345E /* Model */,
				0E681A622898D4F30092345E /* View */,
				0E681A632898D4F70092345E /* Controller */,
				0E681A642898D5130092345E /* Supporting Files */,
			);
			path = OpenQuizz;
			sourceTree = "<group>";
		};
		0E681A422898CBB80092345E /* OpenQuizzTests */ = {
			isa = PBXGroup;
			children = (
				0E681A432898CBB80092345E /* OpenQuizzTests.swift */,
			);
			path = OpenQuizzTests;
			sourceTree = "<group>";
		};
		0E681A4C2898CBB80092345E /* OpenQuizzUITests */ = {
			isa = PBXGroup;
			children = (
				0E681A4D2898CBB80092345E /* OpenQuizzUITests.swift */,
				0E681A4F2898CBB80092345E /* OpenQuizzUITestsLaunchTests.swift */,
			);
			path = OpenQuizzUITests;
			sourceTree = "<group>";
		};
		0E681A612898D4EC0092345E /* Model */ = {
			isa = PBXGroup;
			children = (
				0E681A6B2898D6FE0092345E /* Question.swift */,
				0E681A6E2898E1B60092345E /* Game.swift */,
				0E681A712898E2120092345E /* QuestionManager.swift */,
				0E66E568289B3D5D00A53641 /* QQ.swift */,
			);
			path = Model;
			sourceTree = "<group>";
		};
		0E681A622898D4F30092345E /* View */ = {
			isa = PBXGroup;
			children = (
				0E681A322898CBB50092345E /* Main.storyboard */,
			);
			path = View;
			sourceTree = "<group>";
		};
		0E681A632898D4F70092345E /* Controller */ = {
			isa = PBXGroup;
			children = (
				0E681A302898CBB50092345E /* ViewController.swift */,
			);
			path = Controller;
			sourceTree = "<group>";
		};
		0E681A642898D5130092345E /* Supporting Files */ = {
			isa = PBXGroup;
			children = (
				0E681A2C2898CBB50092345E /* AppDelegate.swift */,
				0E681A2E2898CBB50092345E /* SceneDelegate.swift */,
				0E681A352898CBB70092345E /* Assets.xcassets */,
				0E681A5C2898CE860092345E /* Balham.otf */,
				0E681A372898CBB70092345E /* LaunchScreen.storyboard */,
			);
			path = "Supporting Files";
			sourceTree = "<group>";
		};
/* End PBXGroup section */

/* Begin PBXNativeTarget section */
		0E681A282898CBB50092345E /* OpenQuizz */ = {
			isa = PBXNativeTarget;
			buildConfigurationList = 0E681A532898CBB80092345E /* Build configuration list for PBXNativeTarget "OpenQuizz" */;
			buildPhases = (
				0E681A252898CBB50092345E /* Sources */,
				0E681A262898CBB50092345E /* Frameworks */,
				0E681A272898CBB50092345E /* Resources */,
			);
			buildRules = (
			);
			dependencies = (
			);
			name = OpenQuizz;
			productName = OpenQuizz;
			productReference = 0E681A292898CBB50092345E /* OpenQuizz.app */;
			productType = "com.apple.product-type.application";
		};
		0E681A3E2898CBB80092345E /* OpenQuizzTests */ = {
			isa = PBXNativeTarget;
			buildConfigurationList = 0E681A562898CBB80092345E /* Build configuration list for PBXNativeTarget "OpenQuizzTests" */;
			buildPhases = (
				0E681A3B2898CBB80092345E /* Sources */,
				0E681A3C2898CBB80092345E /* Frameworks */,
				0E681A3D2898CBB80092345E /* Resources */,
			);
			buildRules = (
			);
			dependencies = (
				0E681A412898CBB80092345E /* PBXTargetDependency */,
			);
			name = OpenQuizzTests;
			productName = OpenQuizzTests;
			productReference = 0E681A3F2898CBB80092345E /* OpenQuizzTests.xctest */;
			productType = "com.apple.product-type.bundle.unit-test";
		};
		0E681A482898CBB80092345E /* OpenQuizzUITests */ = {
			isa = PBXNativeTarget;
			buildConfigurationList = 0E681A592898CBB80092345E /* Build configuration list for PBXNativeTarget "OpenQuizzUITests" */;
			buildPhases = (
				0E681A452898CBB80092345E /* Sources */,
				0E681A462898CBB80092345E /* Frameworks */,
				0E681A472898CBB80092345E /* Resources */,
			);
			buildRules = (
			);
			dependencies = (
				0E681A4B2898CBB80092345E /* PBXTargetDependency */,
			);
			name = OpenQuizzUITests;
			productName = OpenQuizzUITests;
			productReference = 0E681A492898CBB80092345E /* OpenQuizzUITests.xctest */;
			productType = "com.apple.product-type.bundle.ui-testing";
		};
/* End PBXNativeTarget section */

/* Begin PBXProject section */
		0E681A212898CBB50092345E /* Project object */ = {
			isa = PBXProject;
			attributes = {
				BuildIndependentTargetsInParallel = 1;
				LastSwiftUpdateCheck = 1340;
				LastUpgradeCheck = 1340;
				TargetAttributes = {
					0E681A282898CBB50092345E = {
						CreatedOnToolsVersion = 13.4.1;
					};
					0E681A3E2898CBB80092345E = {
						CreatedOnToolsVersion = 13.4.1;
						TestTargetID = 0E681A282898CBB50092345E;
					};
					0E681A482898CBB80092345E = {
						CreatedOnToolsVersion = 13.4.1;
						TestTargetID = 0E681A282898CBB50092345E;
					};
				};
			};
			buildConfigurationList = 0E681A242898CBB50092345E /* Build configuration list for PBXProject "OpenQuizz" */;
			compatibilityVersion = "Xcode 13.0";
			developmentRegion = en;
			hasScannedForEncodings = 0;
			knownRegions = (
				en,
				Base,
			);
			mainGroup = 0E681A202898CBB50092345E;
			productRefGroup = 0E681A2A2898CBB50092345E /* Products */;
			projectDirPath = "";
			projectRoot = "";
			targets = (
				0E681A282898CBB50092345E /* OpenQuizz */,
				0E681A3E2898CBB80092345E /* OpenQuizzTests */,
				0E681A482898CBB80092345E /* OpenQuizzUITests */,
			);
		};
/* End PBXProject section */

/* Begin PBXResourcesBuildPhase section */
		0E681A272898CBB50092345E /* Resources */ = {
			isa = PBXResourcesBuildPhase;
			buildActionMask = 2147483647;
			files = (
				0E328A32289B291900291345 /* Icon Error.png in Resources */,
				0E328A34289B291900291345 /* Icon Correct.png in Resources */,
				0E328A31289B291900291345 /* Icon Error@3x.png in Resources */,
				0E681A392898CBB70092345E /* LaunchScreen.storyboard in Resources */,
				0E328A2C289B291900291345 /* Loading@3x.png in Resources */,
				0E328A2E289B291900291345 /* Icon Correct@2x.png in Resources */,
				0E328A30289B291900291345 /* Icon Correct@3x.png in Resources */,
				0E681A362898CBB70092345E /* Assets.xcassets in Resources */,
				0E328A2D289B291900291345 /* Loading@2x.png in Resources */,
				0E681A5D2898CE860092345E /* Balham.otf in Resources */,
				0E328A2F289B291900291345 /* Icon Error@2x.png in Resources */,
				0E328A33289B291900291345 /* Loading.png in Resources */,
				0E681A342898CBB50092345E /* Main.storyboard in Resources */,
			);
			runOnlyForDeploymentPostprocessing = 0;
		};
		0E681A3D2898CBB80092345E /* Resources */ = {
			isa = PBXResourcesBuildPhase;
			buildActionMask = 2147483647;
			files = (
			);
			runOnlyForDeploymentPostprocessing = 0;
		};
		0E681A472898CBB80092345E /* Resources */ = {
			isa = PBXResourcesBuildPhase;
			buildActionMask = 2147483647;
			files = (
			);
			runOnlyForDeploymentPostprocessing = 0;
		};
/* End PBXResourcesBuildPhase section */

/* Begin PBXSourcesBuildPhase section */
		0E681A252898CBB50092345E /* Sources */ = {
			isa = PBXSourcesBuildPhase;
			buildActionMask = 2147483647;
			files = (
				0E681A312898CBB50092345E /* ViewController.swift in Sources */,
				0E681A6F2898E1B60092345E /* Game.swift in Sources */,
				0E681A6C2898D6FE0092345E /* Question.swift in Sources */,
				0E681A2D2898CBB50092345E /* AppDelegate.swift in Sources */,
				0E681A2F2898CBB50092345E /* SceneDelegate.swift in Sources */,
				0E66E569289B3D5D00A53641 /* QQ.swift in Sources */,
				0E681A722898E2120092345E /* QuestionManager.swift in Sources */,
			);
			runOnlyForDeploymentPostprocessing = 0;
		};
		0E681A3B2898CBB80092345E /* Sources */ = {
			isa = PBXSourcesBuildPhase;
			buildActionMask = 2147483647;
			files = (
				0E681A442898CBB80092345E /* OpenQuizzTests.swift in Sources */,
			);
			runOnlyForDeploymentPostprocessing = 0;
		};
		0E681A452898CBB80092345E /* Sources */ = {
			isa = PBXSourcesBuildPhase;
			buildActionMask = 2147483647;
			files = (
				0E681A6D2898D6FE0092345E /* Question.swift in Sources */,
				0E681A502898CBB80092345E /* OpenQuizzUITestsLaunchTests.swift in Sources */,
				0E681A4E2898CBB80092345E /* OpenQuizzUITests.swift in Sources */,
				0E681A732898E2120092345E /* QuestionManager.swift in Sources */,
				0E681A702898E1B60092345E /* Game.swift in Sources */,
			);
			runOnlyForDeploymentPostprocessing = 0;
		};
/* End PBXSourcesBuildPhase section */

/* Begin PBXTargetDependency section */
		0E681A412898CBB80092345E /* PBXTargetDependency */ = {
			isa = PBXTargetDependency;
			target = 0E681A282898CBB50092345E /* OpenQuizz */;
			targetProxy = 0E681A402898CBB80092345E /* PBXContainerItemProxy */;
		};
		0E681A4B2898CBB80092345E /* PBXTargetDependency */ = {
			isa = PBXTargetDependency;
			target = 0E681A282898CBB50092345E /* OpenQuizz */;
			targetProxy = 0E681A4A2898CBB80092345E /* PBXContainerItemProxy */;
		};
/* End PBXTargetDependency section */

/* Begin PBXVariantGroup section */
		0E681A322898CBB50092345E /* Main.storyboard */ = {
			isa = PBXVariantGroup;
			children = (
				0E681A332898CBB50092345E /* Base */,
			);
			name = Main.storyboard;
			sourceTree = "<group>";
		};
		0E681A372898CBB70092345E /* LaunchScreen.storyboard */ = {
			isa = PBXVariantGroup;
			children = (
				0E681A382898CBB70092345E /* Base */,
			);
			name = LaunchScreen.storyboard;
			sourceTree = "<group>";
		};
/* End PBXVariantGroup section */

/* Begin XCBuildConfiguration section */
		0E681A512898CBB80092345E /* Debug */ = {
			isa = XCBuildConfiguration;
			buildSettings = {
				ALWAYS_SEARCH_USER_PATHS = NO;
				CLANG_ANALYZER_NONNULL = YES;
				CLANG_ANALYZER_NUMBER_OBJECT_CONVERSION = YES_AGGRESSIVE;
				CLANG_CXX_LANGUAGE_STANDARD = "gnu++17";
				CLANG_ENABLE_MODULES = YES;
				CLANG_ENABLE_OBJC_ARC = YES;
				CLANG_ENABLE_OBJC_WEAK = YES;
				CLANG_WARN_BLOCK_CAPTURE_AUTORELEASING = YES;
				CLANG_WARN_BOOL_CONVERSION = YES;
				CLANG_WARN_COMMA = YES;
				CLANG_WARN_CONSTANT_CONVERSION = YES;
				CLANG_WARN_DEPRECATED_OBJC_IMPLEMENTATIONS = YES;
				CLANG_WARN_DIRECT_OBJC_ISA_USAGE = YES_ERROR;
				CLANG_WARN_DOCUMENTATION_COMMENTS = YES;
				CLANG_WARN_EMPTY_BODY = YES;
				CLANG_WARN_ENUM_CONVERSION = YES;
				CLANG_WARN_INFINITE_RECURSION = YES;
				CLANG_WARN_INT_CONVERSION = YES;
				CLANG_WARN_NON_LITERAL_NULL_CONVERSION = YES;
				CLANG_WARN_OBJC_IMPLICIT_RETAIN_SELF = YES;
				CLANG_WARN_OBJC_LITERAL_CONVERSION = YES;
				CLANG_WARN_OBJC_ROOT_CLASS = YES_ERROR;
				CLANG_WARN_QUOTED_INCLUDE_IN_FRAMEWORK_HEADER = YES;
				CLANG_WARN_RANGE_LOOP_ANALYSIS = YES;
				CLANG_WARN_STRICT_PROTOTYPES = YES;
				CLANG_WARN_SUSPICIOUS_MOVE = YES;
				CLANG_WARN_UNGUARDED_AVAILABILITY = YES_AGGRESSIVE;
				CLANG_WARN_UNREACHABLE_CODE = YES;
				CLANG_WARN__DUPLICATE_METHOD_MATCH = YES;
				COPY_PHASE_STRIP = NO;
				DEBUG_INFORMATION_FORMAT = dwarf;
				ENABLE_STRICT_OBJC_MSGSEND = YES;
				ENABLE_TESTABILITY = YES;
				GCC_C_LANGUAGE_STANDARD = gnu11;
				GCC_DYNAMIC_NO_PIC = NO;
				GCC_NO_COMMON_BLOCKS = YES;
				GCC_OPTIMIZATION_LEVEL = 0;
				GCC_PREPROCESSOR_DEFINITIONS = (
					"DEBUG=1",
					"$(inherited)",
				);
				GCC_WARN_64_TO_32_BIT_CONVERSION = YES;
				GCC_WARN_ABOUT_RETURN_TYPE = YES_ERROR;
				GCC_WARN_UNDECLARED_SELECTOR = YES;
				GCC_WARN_UNINITIALIZED_AUTOS = YES_AGGRESSIVE;
				GCC_WARN_UNUSED_FUNCTION = YES;
				GCC_WARN_UNUSED_VARIABLE = YES;
				IPHONEOS_DEPLOYMENT_TARGET = 15.5;
				MTL_ENABLE_DEBUG_INFO = INCLUDE_SOURCE;
				MTL_FAST_MATH = YES;
				ONLY_ACTIVE_ARCH = YES;
				SDKROOT = iphoneos;
				SWIFT_ACTIVE_COMPILATION_CONDITIONS = DEBUG;
				SWIFT_OPTIMIZATION_LEVEL = "-Onone";
			};
			name = Debug;
		};
		0E681A522898CBB80092345E /* Release */ = {
			isa = XCBuildConfiguration;
			buildSettings = {
				ALWAYS_SEARCH_USER_PATHS = NO;
				CLANG_ANALYZER_NONNULL = YES;
				CLANG_ANALYZER_NUMBER_OBJECT_CONVERSION = YES_AGGRESSIVE;
				CLANG_CXX_LANGUAGE_STANDARD = "gnu++17";
				CLANG_ENABLE_MODULES = YES;
				CLANG_ENABLE_OBJC_ARC = YES;
				CLANG_ENABLE_OBJC_WEAK = YES;
				CLANG_WARN_BLOCK_CAPTURE_AUTORELEASING = YES;
				CLANG_WARN_BOOL_CONVERSION = YES;
				CLANG_WARN_COMMA = YES;
				CLANG_WARN_CONSTANT_CONVERSION = YES;
				CLANG_WARN_DEPRECATED_OBJC_IMPLEMENTATIONS = YES;
				CLANG_WARN_DIRECT_OBJC_ISA_USAGE = YES_ERROR;
				CLANG_WARN_DOCUMENTATION_COMMENTS = YES;
				CLANG_WARN_EMPTY_BODY = YES;
				CLANG_WARN_ENUM_CONVERSION = YES;
				CLANG_WARN_INFINITE_RECURSION = YES;
				CLANG_WARN_INT_CONVERSION = YES;
				CLANG_WARN_NON_LITERAL_NULL_CONVERSION = YES;
				CLANG_WARN_OBJC_IMPLICIT_RETAIN_SELF = YES;
				CLANG_WARN_OBJC_LITERAL_CONVERSION = YES;
				CLANG_WARN_OBJC_ROOT_CLASS = YES_ERROR;
				CLANG_WARN_QUOTED_INCLUDE_IN_FRAMEWORK_HEADER = YES;
				CLANG_WARN_RANGE_LOOP_ANALYSIS = YES;
				CLANG_WARN_STRICT_PROTOTYPES = YES;
				CLANG_WARN_SUSPICIOUS_MOVE = YES;
				CLANG_WARN_UNGUARDED_AVAILABILITY = YES_AGGRESSIVE;
				CLANG_WARN_UNREACHABLE_CODE = YES;
				CLANG_WARN__DUPLICATE_METHOD_MATCH = YES;
				COPY_PHASE_STRIP = NO;
				DEBUG_INFORMATION_FORMAT = "dwarf-with-dsym";
				ENABLE_NS_ASSERTIONS = NO;
				ENABLE_STRICT_OBJC_MSGSEND = YES;
				GCC_C_LANGUAGE_STANDARD = gnu11;
				GCC_NO_COMMON_BLOCKS = YES;
				GCC_WARN_64_TO_32_BIT_CONVERSION = YES;
				GCC_WARN_ABOUT_RETURN_TYPE = YES_ERROR;
				GCC_WARN_UNDECLARED_SELECTOR = YES;
				GCC_WARN_UNINITIALIZED_AUTOS = YES_AGGRESSIVE;
				GCC_WARN_UNUSED_FUNCTION = YES;
				GCC_WARN_UNUSED_VARIABLE = YES;
				IPHONEOS_DEPLOYMENT_TARGET = 15.5;
				MTL_ENABLE_DEBUG_INFO = NO;
				MTL_FAST_MATH = YES;
				SDKROOT = iphoneos;
				SWIFT_COMPILATION_MODE = wholemodule;
				SWIFT_OPTIMIZATION_LEVEL = "-O";
				VALIDATE_PRODUCT = YES;
			};
			name = Release;
		};
		0E681A542898CBB80092345E /* Debug */ = {
			isa = XCBuildConfiguration;
			buildSettings = {
				ASSETCATALOG_COMPILER_APPICON_NAME = AppIcon;
				ASSETCATALOG_COMPILER_GLOBAL_ACCENT_COLOR_NAME = AccentColor;
				CODE_SIGN_STYLE = Automatic;
				CURRENT_PROJECT_VERSION = 1;
				GENERATE_INFOPLIST_FILE = YES;
				INFOPLIST_FILE = OpenQuizz/Info.plist;
				INFOPLIST_KEY_UIApplicationSupportsIndirectInputEvents = YES;
				INFOPLIST_KEY_UILaunchStoryboardName = LaunchScreen;
				INFOPLIST_KEY_UIMainStoryboardFile = Main;
				INFOPLIST_KEY_UISupportedInterfaceOrientations_iPad = "UIInterfaceOrientationPortrait UIInterfaceOrientationPortraitUpsideDown UIInterfaceOrientationLandscapeLeft UIInterfaceOrientationLandscapeRight";
				INFOPLIST_KEY_UISupportedInterfaceOrientations_iPhone = "UIInterfaceOrientationPortrait UIInterfaceOrientationLandscapeLeft UIInterfaceOrientationLandscapeRight";
				LD_RUNPATH_SEARCH_PATHS = (
					"$(inherited)",
					"@executable_path/Frameworks",
				);
				MARKETING_VERSION = 1.0;
				PRODUCT_BUNDLE_IDENTIFIER = Hours.OpenQuizz;
				PRODUCT_NAME = "$(TARGET_NAME)";
				SWIFT_EMIT_LOC_STRINGS = YES;
				SWIFT_VERSION = 5.0;
				TARGETED_DEVICE_FAMILY = "1,2";
			};
			name = Debug;
		};
		0E681A552898CBB80092345E /* Release */ = {
			isa = XCBuildConfiguration;
			buildSettings = {
				ASSETCATALOG_COMPILER_APPICON_NAME = AppIcon;
				ASSETCATALOG_COMPILER_GLOBAL_ACCENT_COLOR_NAME = AccentColor;
				CODE_SIGN_STYLE = Automatic;
				CURRENT_PROJECT_VERSION = 1;
				GENERATE_INFOPLIST_FILE = YES;
				INFOPLIST_FILE = OpenQuizz/Info.plist;
				INFOPLIST_KEY_UIApplicationSupportsIndirectInputEvents = YES;
				INFOPLIST_KEY_UILaunchStoryboardName = LaunchScreen;
				INFOPLIST_KEY_UIMainStoryboardFile = Main;
				INFOPLIST_KEY_UISupportedInterfaceOrientations_iPad = "UIInterfaceOrientationPortrait UIInterfaceOrientationPortraitUpsideDown UIInterfaceOrientationLandscapeLeft UIInterfaceOrientationLandscapeRight";
				INFOPLIST_KEY_UISupportedInterfaceOrientations_iPhone = "UIInterfaceOrientationPortrait UIInterfaceOrientationLandscapeLeft UIInterfaceOrientationLandscapeRight";
				LD_RUNPATH_SEARCH_PATHS = (
					"$(inherited)",
					"@executable_path/Frameworks",
				);
				MARKETING_VERSION = 1.0;
				PRODUCT_BUNDLE_IDENTIFIER = Hours.OpenQuizz;
				PRODUCT_NAME = "$(TARGET_NAME)";
				SWIFT_EMIT_LOC_STRINGS = YES;
				SWIFT_VERSION = 5.0;
				TARGETED_DEVICE_FAMILY = "1,2";
			};
			name = Release;
		};
		0E681A572898CBB80092345E /* Debug */ = {
			isa = XCBuildConfiguration;
			buildSettings = {
				ALWAYS_EMBED_SWIFT_STANDARD_LIBRARIES = YES;
				BUNDLE_LOADER = "$(TEST_HOST)";
				CODE_SIGN_STYLE = Automatic;
				CURRENT_PROJECT_VERSION = 1;
				GENERATE_INFOPLIST_FILE = YES;
				IPHONEOS_DEPLOYMENT_TARGET = 15.5;
				MARKETING_VERSION = 1.0;
				PRODUCT_BUNDLE_IDENTIFIER = Hours.OpenQuizzTests;
				PRODUCT_NAME = "$(TARGET_NAME)";
				SWIFT_EMIT_LOC_STRINGS = NO;
				SWIFT_VERSION = 5.0;
				TARGETED_DEVICE_FAMILY = "1,2";
				TEST_HOST = "$(BUILT_PRODUCTS_DIR)/OpenQuizz.app/OpenQuizz";
			};
			name = Debug;
		};
		0E681A582898CBB80092345E /* Release */ = {
			isa = XCBuildConfiguration;
			buildSettings = {
				ALWAYS_EMBED_SWIFT_STANDARD_LIBRARIES = YES;
				BUNDLE_LOADER = "$(TEST_HOST)";
				CODE_SIGN_STYLE = Automatic;
				CURRENT_PROJECT_VERSION = 1;
				GENERATE_INFOPLIST_FILE = YES;
				IPHONEOS_DEPLOYMENT_TARGET = 15.5;
				MARKETING_VERSION = 1.0;
				PRODUCT_BUNDLE_IDENTIFIER = Hours.OpenQuizzTests;
				PRODUCT_NAME = "$(TARGET_NAME)";
				SWIFT_EMIT_LOC_STRINGS = NO;
				SWIFT_VERSION = 5.0;
				TARGETED_DEVICE_FAMILY = "1,2";
				TEST_HOST = "$(BUILT_PRODUCTS_DIR)/OpenQuizz.app/OpenQuizz";
			};
			name = Release;
		};
		0E681A5A2898CBB80092345E /* Debug */ = {
			isa = XCBuildConfiguration;
			buildSettings = {
				ALWAYS_EMBED_SWIFT_STANDARD_LIBRARIES = YES;
				CODE_SIGN_STYLE = Automatic;
				CURRENT_PROJECT_VERSION = 1;
				GENERATE_INFOPLIST_FILE = YES;
				MARKETING_VERSION = 1.0;
				PRODUCT_BUNDLE_IDENTIFIER = Hours.OpenQuizzUITests;
				PRODUCT_NAME = "$(TARGET_NAME)";
				SWIFT_EMIT_LOC_STRINGS = NO;
				SWIFT_VERSION = 5.0;
				TARGETED_DEVICE_FAMILY = "1,2";
				TEST_TARGET_NAME = OpenQuizz;
			};
			name = Debug;
		};
		0E681A5B2898CBB80092345E /* Release */ = {
			isa = XCBuildConfiguration;
			buildSettings = {
				ALWAYS_EMBED_SWIFT_STANDARD_LIBRARIES = YES;
				CODE_SIGN_STYLE = Automatic;
				CURRENT_PROJECT_VERSION = 1;
				GENERATE_INFOPLIST_FILE = YES;
				MARKETING_VERSION = 1.0;
				PRODUCT_BUNDLE_IDENTIFIER = Hours.OpenQuizzUITests;
				PRODUCT_NAME = "$(TARGET_NAME)";
				SWIFT_EMIT_LOC_STRINGS = NO;
				SWIFT_VERSION = 5.0;
				TARGETED_DEVICE_FAMILY = "1,2";
				TEST_TARGET_NAME = OpenQuizz;
			};
			name = Release;
		};
/* End XCBuildConfiguration section */

/* Begin XCConfigurationList section */
		0E681A242898CBB50092345E /* Build configuration list for PBXProject "OpenQuizz" */ = {
			isa = XCConfigurationList;
			buildConfigurations = (
				0E681A512898CBB80092345E /* Debug */,
				0E681A522898CBB80092345E /* Release */,
			);
			defaultConfigurationIsVisible = 0;
			defaultConfigurationName = Release;
		};
		0E681A532898CBB80092345E /* Build configuration list for PBXNativeTarget "OpenQuizz" */ = {
			isa = XCConfigurationList;
			buildConfigurations = (
				0E681A542898CBB80092345E /* Debug */,
				0E681A552898CBB80092345E /* Release */,
			);
			defaultConfigurationIsVisible = 0;
			defaultConfigurationName = Release;
		};
		0E681A562898CBB80092345E /* Build configuration list for PBXNativeTarget "OpenQuizzTests" */ = {
			isa = XCConfigurationList;
			buildConfigurations = (
				0E681A572898CBB80092345E /* Debug */,
				0E681A582898CBB80092345E /* Release */,
			);
			defaultConfigurationIsVisible = 0;
			defaultConfigurationName = Release;
		};
		0E681A592898CBB80092345E /* Build configuration list for PBXNativeTarget "OpenQuizzUITests" */ = {
			isa = XCConfigurationList;
			buildConfigurations = (
				0E681A5A2898CBB80092345E /* Debug */,
				0E681A5B2898CBB80092345E /* Release */,
			);
			defaultConfigurationIsVisible = 0;
			defaultConfigurationName = Release;
		};
/* End XCConfigurationList section */
	};
	rootObject = 0E681A212898CBB50092345E /* Project object */;
}
